
Microsoft Visual Studio Solution File, Format Version 12.00
# Visual Studio Version 17
VisualStudioVersion = 17.2.32630.192
MinimumVisualStudioVersion = 10.0.40219.1
Project("{FAE04EC0-301F-11D3-BF4B-00C04F79EFBC}") = "GB_csharp_zada4a10", "GB_csharp_zada4a10\GB_csharp_zada4a10.csproj", "{BACB5692-5414-47A8-A598-A89CE3840572}"
EndProject
Project("{FAE04EC0-301F-11D3-BF4B-00C04F79EFBC}") = "GB_csharp_zada4a13", "GB_csharp_zada4a13\GB_csharp_zada4a13.csproj", "{C9212A7B-CCC1-4519-84EA-4E30FE285732}"
EndProject
Project("{FAE04EC0-301F-11D3-BF4B-00C04F79EFBC}") = "GB_csharp_zada4a15", "GB_csharp_zada4a15\GB_csharp_zada4a15.csproj", "{0230D6C3-1AB0-40B4-876B-3DFA59F5928D}"
EndProject
Global
	GlobalSection(SolutionConfigurationPlatforms) = preSolution
		Debug|Any CPU = Debug|Any CPU
		Release|Any CPU = Release|Any CPU
	EndGlobalSection
	GlobalSection(ProjectConfigurationPlatforms) = postSolution
		{BACB5692-5414-47A8-A598-A89CE3840572}.Debug|Any CPU.ActiveCfg = Debug|Any CPU
		{BACB5692-5414-47A8-A598-A89CE3840572}.Debug|Any CPU.Build.0 = Debug|Any CPU
		{BACB5692-5414-47A8-A598-A89CE3840572}.Release|Any CPU.ActiveCfg = Release|Any CPU
		{BACB5692-5414-47A8-A598-A89CE3840572}.Release|Any CPU.Build.0 = Release|Any CPU
		{C9212A7B-CCC1-4519-84EA-4E30FE285732}.Debug|Any CPU.ActiveCfg = Debug|Any CPU
		{C9212A7B-CCC1-4519-84EA-4E30FE285732}.Debug|Any CPU.Build.0 = Debug|Any CPU
		{C9212A7B-CCC1-4519-84EA-4E30FE285732}.Release|Any CPU.ActiveCfg = Release|Any CPU
		{C9212A7B-CCC1-4519-84EA-4E30FE285732}.Release|Any CPU.Build.0 = Release|Any CPU
		{0230D6C3-1AB0-40B4-876B-3DFA59F5928D}.Debug|Any CPU.ActiveCfg = Debug|Any CPU
		{0230D6C3-1AB0-40B4-876B-3DFA59F5928D}.Debug|Any CPU.Build.0 = Debug|Any CPU
		{0230D6C3-1AB0-40B4-876B-3DFA59F5928D}.Release|Any CPU.ActiveCfg = Release|Any CPU
		{0230D6C3-1AB0-40B4-876B-3DFA59F5928D}.Release|Any CPU.Build.0 = Release|Any CPU
	EndGlobalSection
	GlobalSection(SolutionProperties) = preSolution
		HideSolutionNode = FALSE
	EndGlobalSection
	GlobalSection(ExtensibilityGlobals) = postSolution
		SolutionGuid = {B0171310-9021-4213-BEB4-C5186BE8B8C5}
	EndGlobalSection
EndGlobal
