
Microsoft Visual Studio Solution File, Format Version 12.00
# Visual Studio Version 17
VisualStudioVersion = 17.2.32630.192
MinimumVisualStudioVersion = 10.0.40219.1
Project("{9A19103F-16F7-4668-BE54-9A1E7A4F7556}") = "GB_csharp_zada4a_41", "GB_csharp_zada4a_41\GB_csharp_zada4a_41.csproj", "{97EC9E36-C752-4989-9E96-ED8983EF523A}"
EndProject
Project("{9A19103F-16F7-4668-BE54-9A1E7A4F7556}") = "GB_csharp_zada4a_43", "GB_csharp_zada4a_43\GB_csharp_zada4a_43.csproj", "{93592D68-201B-441B-A169-29CDD13A5FBD}"
EndProject
Project("{9A19103F-16F7-4668-BE54-9A1E7A4F7556}") = "GB_csharp_zada4a_47", "GB_csharp_zada4a_47\GB_csharp_zada4a_47.csproj", "{871CC6FA-2871-44F1-A8C8-DFA2E0C79D88}"
EndProject
Project("{9A19103F-16F7-4668-BE54-9A1E7A4F7556}") = "GB_csharp_zada4a_50", "GB_csharp_zada4a_50\GB_csharp_zada4a_50.csproj", "{7A0ECEBB-D526-4473-8965-680ECA7CB327}"
EndProject
Project("{9A19103F-16F7-4668-BE54-9A1E7A4F7556}") = "GB_c_sharp_zada4a_52", "GB_c_sharp_zada4a_52\GB_c_sharp_zada4a_52.csproj", "{7F92AEF6-8955-498D-B204-01C95A484DD7}"
EndProject
Project("{9A19103F-16F7-4668-BE54-9A1E7A4F7556}") = "GB_c_sharp_zada4a_54", "GB_c_sharp_zada4a_54\GB_c_sharp_zada4a_54.csproj", "{35C06FED-2ED7-431C-823B-A475CF06F921}"
EndProject
Project("{FAE04EC0-301F-11D3-BF4B-00C04F79EFBC}") = "GB_c_sharp_zada4a_56", "GB_c_sharp_zada4a_56\GB_c_sharp_zada4a_56.csproj", "{2AF27315-C26A-4E37-983B-548AF423F7AA}"
EndProject
Project("{FAE04EC0-301F-11D3-BF4B-00C04F79EFBC}") = "GB_c_ssharp_zada4a_58", "GB_c_ssharp_zada4a_58\GB_c_ssharp_zada4a_58.csproj", "{DC4CB2BF-9843-415A-B57A-59A919612304}"
EndProject
Project("{FAE04EC0-301F-11D3-BF4B-00C04F79EFBC}") = "GB_c_sharp_60", "GB_c_sharp_60\GB_c_sharp_60.csproj", "{2FB56106-A6A6-439E-8B21-9E78AA7A580C}"
EndProject
Project("{FAE04EC0-301F-11D3-BF4B-00C04F79EFBC}") = "GB_c_sharp_zada4a_60", "GB_c_sharp_zada4a_60\GB_c_sharp_zada4a_60.csproj", "{BCAE8937-65C9-42FF-BAB6-7E67115F4300}"
EndProject
Global
	GlobalSection(SolutionConfigurationPlatforms) = preSolution
		Debug|Any CPU = Debug|Any CPU
		Release|Any CPU = Release|Any CPU
	EndGlobalSection
	GlobalSection(ProjectConfigurationPlatforms) = postSolution
		{97EC9E36-C752-4989-9E96-ED8983EF523A}.Debug|Any CPU.ActiveCfg = Debug|Any CPU
		{97EC9E36-C752-4989-9E96-ED8983EF523A}.Debug|Any CPU.Build.0 = Debug|Any CPU
		{97EC9E36-C752-4989-9E96-ED8983EF523A}.Release|Any CPU.ActiveCfg = Release|Any CPU
		{97EC9E36-C752-4989-9E96-ED8983EF523A}.Release|Any CPU.Build.0 = Release|Any CPU
		{93592D68-201B-441B-A169-29CDD13A5FBD}.Debug|Any CPU.ActiveCfg = Debug|Any CPU
		{93592D68-201B-441B-A169-29CDD13A5FBD}.Debug|Any CPU.Build.0 = Debug|Any CPU
		{93592D68-201B-441B-A169-29CDD13A5FBD}.Release|Any CPU.ActiveCfg = Release|Any CPU
		{93592D68-201B-441B-A169-29CDD13A5FBD}.Release|Any CPU.Build.0 = Release|Any CPU
		{871CC6FA-2871-44F1-A8C8-DFA2E0C79D88}.Debug|Any CPU.ActiveCfg = Debug|Any CPU
		{871CC6FA-2871-44F1-A8C8-DFA2E0C79D88}.Debug|Any CPU.Build.0 = Debug|Any CPU
		{871CC6FA-2871-44F1-A8C8-DFA2E0C79D88}.Release|Any CPU.ActiveCfg = Release|Any CPU
		{871CC6FA-2871-44F1-A8C8-DFA2E0C79D88}.Release|Any CPU.Build.0 = Release|Any CPU
		{7A0ECEBB-D526-4473-8965-680ECA7CB327}.Debug|Any CPU.ActiveCfg = Debug|Any CPU
		{7A0ECEBB-D526-4473-8965-680ECA7CB327}.Debug|Any CPU.Build.0 = Debug|Any CPU
		{7A0ECEBB-D526-4473-8965-680ECA7CB327}.Release|Any CPU.ActiveCfg = Release|Any CPU
		{7A0ECEBB-D526-4473-8965-680ECA7CB327}.Release|Any CPU.Build.0 = Release|Any CPU
		{7F92AEF6-8955-498D-B204-01C95A484DD7}.Debug|Any CPU.ActiveCfg = Debug|Any CPU
		{7F92AEF6-8955-498D-B204-01C95A484DD7}.Debug|Any CPU.Build.0 = Debug|Any CPU
		{7F92AEF6-8955-498D-B204-01C95A484DD7}.Release|Any CPU.ActiveCfg = Release|Any CPU
		{7F92AEF6-8955-498D-B204-01C95A484DD7}.Release|Any CPU.Build.0 = Release|Any CPU
		{35C06FED-2ED7-431C-823B-A475CF06F921}.Debug|Any CPU.ActiveCfg = Debug|Any CPU
		{35C06FED-2ED7-431C-823B-A475CF06F921}.Debug|Any CPU.Build.0 = Debug|Any CPU
		{35C06FED-2ED7-431C-823B-A475CF06F921}.Release|Any CPU.ActiveCfg = Release|Any CPU
		{35C06FED-2ED7-431C-823B-A475CF06F921}.Release|Any CPU.Build.0 = Release|Any CPU
		{2AF27315-C26A-4E37-983B-548AF423F7AA}.Debug|Any CPU.ActiveCfg = Debug|Any CPU
		{2AF27315-C26A-4E37-983B-548AF423F7AA}.Debug|Any CPU.Build.0 = Debug|Any CPU
		{2AF27315-C26A-4E37-983B-548AF423F7AA}.Release|Any CPU.ActiveCfg = Release|Any CPU
		{2AF27315-C26A-4E37-983B-548AF423F7AA}.Release|Any CPU.Build.0 = Release|Any CPU
		{DC4CB2BF-9843-415A-B57A-59A919612304}.Debug|Any CPU.ActiveCfg = Debug|Any CPU
		{DC4CB2BF-9843-415A-B57A-59A919612304}.Debug|Any CPU.Build.0 = Debug|Any CPU
		{DC4CB2BF-9843-415A-B57A-59A919612304}.Release|Any CPU.ActiveCfg = Release|Any CPU
		{DC4CB2BF-9843-415A-B57A-59A919612304}.Release|Any CPU.Build.0 = Release|Any CPU
		{2FB56106-A6A6-439E-8B21-9E78AA7A580C}.Debug|Any CPU.ActiveCfg = Debug|Any CPU
		{2FB56106-A6A6-439E-8B21-9E78AA7A580C}.Debug|Any CPU.Build.0 = Debug|Any CPU
		{2FB56106-A6A6-439E-8B21-9E78AA7A580C}.Release|Any CPU.ActiveCfg = Release|Any CPU
		{2FB56106-A6A6-439E-8B21-9E78AA7A580C}.Release|Any CPU.Build.0 = Release|Any CPU
		{BCAE8937-65C9-42FF-BAB6-7E67115F4300}.Debug|Any CPU.ActiveCfg = Debug|Any CPU
		{BCAE8937-65C9-42FF-BAB6-7E67115F4300}.Debug|Any CPU.Build.0 = Debug|Any CPU
		{BCAE8937-65C9-42FF-BAB6-7E67115F4300}.Release|Any CPU.ActiveCfg = Release|Any CPU
		{BCAE8937-65C9-42FF-BAB6-7E67115F4300}.Release|Any CPU.Build.0 = Release|Any CPU
	EndGlobalSection
	GlobalSection(SolutionProperties) = preSolution
		HideSolutionNode = FALSE
	EndGlobalSection
	GlobalSection(ExtensibilityGlobals) = postSolution
		SolutionGuid = {B0171310-9021-4213-BEB4-C5186BE8B8C5}
	EndGlobalSection
EndGlobal
